// !$*UTF8*$!
{
	archiveVersion = 1;
	classes = {
	};
	objectVersion = 48;
	objects = {

/* Begin PBXBuildFile section */
		26C0CF1220457AFD007FBE3B /* AppDelegate.swift in Sources */ = {isa = PBXBuildFile; fileRef = 26C0CF1120457AFD007FBE3B /* AppDelegate.swift */; };
		26C0CF1420457AFD007FBE3B /* ViewController.swift in Sources */ = {isa = PBXBuildFile; fileRef = 26C0CF1320457AFD007FBE3B /* ViewController.swift */; };
		26C0CF1720457AFD007FBE3B /* Main.storyboard in Resources */ = {isa = PBXBuildFile; fileRef = 26C0CF1520457AFD007FBE3B /* Main.storyboard */; };
		26C0CF1920457AFD007FBE3B /* Assets.xcassets in Resources */ = {isa = PBXBuildFile; fileRef = 26C0CF1820457AFD007FBE3B /* Assets.xcassets */; };
		26C0CF1C20457AFD007FBE3B /* LaunchScreen.storyboard in Resources */ = {isa = PBXBuildFile; fileRef = 26C0CF1A20457AFD007FBE3B /* LaunchScreen.storyboard */; };
		B253526CC9249982FB86F61C /* Pods_test.framework in Frameworks */ = {isa = PBXBuildFile; fileRef = 42700D9A18A669C9749F0063 /* Pods_test.framework */; };
/* End PBXBuildFile section */

/* Begin PBXFileReference section */
		26C0CF0E20457AFD007FBE3B /* test.app */ = {isa = PBXFileReference; explicitFileType = wrapper.application; includeInIndex = 0; path = test.app; sourceTree = BUILT_PRODUCTS_DIR; };
		26C0CF1120457AFD007FBE3B /* AppDelegate.swift */ = {isa = PBXFileReference; lastKnownFileType = sourcecode.swift; path = AppDelegate.swift; sourceTree = "<group>"; };
		26C0CF1320457AFD007FBE3B /* ViewController.swift */ = {isa = PBXFileReference; lastKnownFileType = sourcecode.swift; path = ViewController.swift; sourceTree = "<group>"; };
		26C0CF1620457AFD007FBE3B /* Base */ = {isa = PBXFileReference; lastKnownFileType = file.storyboard; name = Base; path = Base.lproj/Main.storyboard; sourceTree = "<group>"; };
		26C0CF1820457AFD007FBE3B /* Assets.xcassets */ = {isa = PBXFileReference; lastKnownFileType = folder.assetcatalog; path = Assets.xcassets; sourceTree = "<group>"; };
		26C0CF1B20457AFD007FBE3B /* Base */ = {isa = PBXFileReference; lastKnownFileType = file.storyboard; name = Base; path = Base.lproj/LaunchScreen.storyboard; sourceTree = "<group>"; };
		26C0CF1D20457AFD007FBE3B /* Info.plist */ = {isa = PBXFileReference; lastKnownFileType = text.plist.xml; path = Info.plist; sourceTree = "<group>"; };
		42700D9A18A669C9749F0063 /* Pods_test.framework */ = {isa = PBXFileReference; explicitFileType = wrapper.framework; includeInIndex = 0; path = Pods_test.framework; sourceTree = BUILT_PRODUCTS_DIR; };
		85ECD975A231068A21918879 /* Pods-test.debug.xcconfig */ = {isa = PBXFileReference; includeInIndex = 1; lastKnownFileType = text.xcconfig; name = "Pods-test.debug.xcconfig"; path = "Pods/Target Support Files/Pods-test/Pods-test.debug.xcconfig"; sourceTree = "<group>"; };
		A55B4929AC739DE837613499 /* Pods-test.release.xcconfig */ = {isa = PBXFileReference; includeInIndex = 1; lastKnownFileType = text.xcconfig; name = "Pods-test.release.xcconfig"; path = "Pods/Target Support Files/Pods-test/Pods-test.release.xcconfig"; sourceTree = "<group>"; };
/* End PBXFileReference section */

/* Begin PBXFrameworksBuildPhase section */
		26C0CF0B20457AFD007FBE3B /* Frameworks */ = {
			isa = PBXFrameworksBuildPhase;
			buildActionMask = 2147483647;
			files = (
				B253526CC9249982FB86F61C /* Pods_test.framework in Frameworks */,
			);
			runOnlyForDeploymentPostprocessing = 0;
		};
/* End PBXFrameworksBuildPhase section */

/* Begin PBXGroup section */
		26C0CF0520457AFD007FBE3B = {
			isa = PBXGroup;
			children = (
				26C0CF1020457AFD007FBE3B /* test */,
				26C0CF0F20457AFD007FBE3B /* Products */,
				96C5F68BA86196CAFD7038D6 /* Pods */,
				DE4F9E74960E0C62496224C8 /* Frameworks */,
			);
			sourceTree = "<group>";
		};
		26C0CF0F20457AFD007FBE3B /* Products */ = {
			isa = PBXGroup;
			children = (
				26C0CF0E20457AFD007FBE3B /* test.app */,
			);
			name = Products;
			sourceTree = "<group>";
		};
		26C0CF1020457AFD007FBE3B /* test */ = {
			isa = PBXGroup;
			children = (
				26C0CF1120457AFD007FBE3B /* AppDelegate.swift */,
				26C0CF1320457AFD007FBE3B /* ViewController.swift */,
				26C0CF1520457AFD007FBE3B /* Main.storyboard */,
				26C0CF1820457AFD007FBE3B /* Assets.xcassets */,
				26C0CF1A20457AFD007FBE3B /* LaunchScreen.storyboard */,
				26C0CF1D20457AFD007FBE3B /* Info.plist */,
			);
			path = test;
			sourceTree = "<group>";
		};
		96C5F68BA86196CAFD7038D6 /* Pods */ = {
			isa = PBXGroup;
			children = (
				85ECD975A231068A21918879 /* Pods-test.debug.xcconfig */,
				A55B4929AC739DE837613499 /* Pods-test.release.xcconfig */,
			);
			name = Pods;
			sourceTree = "<group>";
		};
		DE4F9E74960E0C62496224C8 /* Frameworks */ = {
			isa = PBXGroup;
			children = (
				42700D9A18A669C9749F0063 /* Pods_test.framework */,
			);
			name = Frameworks;
			sourceTree = "<group>";
		};
/* End PBXGroup section */

/* Begin PBXNativeTarget section */
		26C0CF0D20457AFD007FBE3B /* test */ = {
			isa = PBXNativeTarget;
			buildConfigurationList = 26C0CF2020457AFD007FBE3B /* Build configuration list for PBXNativeTarget "test" */;
			buildPhases = (
				6443F5155436FA7438E5C003 /* [CP] Check Pods Manifest.lock */,
				26C0CF0A20457AFD007FBE3B /* Sources */,
				26C0CF0B20457AFD007FBE3B /* Frameworks */,
				26C0CF0C20457AFD007FBE3B /* Resources */,
				0556FFFD586F5EB4198FF4DB /* [CP] Embed Pods Frameworks */,
				B5A5BF33DD9F9582E8276EF7 /* [CP] Copy Pods Resources */,
			);
			buildRules = (
			);
			dependencies = (
			);
			name = test;
			productName = test;
			productReference = 26C0CF0E20457AFD007FBE3B /* test.app */;
			productType = "com.apple.product-type.application";
		};
/* End PBXNativeTarget section */

/* Begin PBXProject section */
		26C0CF0620457AFD007FBE3B /* Project object */ = {
			isa = PBXProject;
			attributes = {
				LastSwiftUpdateCheck = 0920;
				LastUpgradeCheck = 0920;
				ORGANIZATIONNAME = tina;
				TargetAttributes = {
					26C0CF0D20457AFD007FBE3B = {
						CreatedOnToolsVersion = 9.2;
						ProvisioningStyle = Automatic;
					};
				};
			};
			buildConfigurationList = 26C0CF0920457AFD007FBE3B /* Build configuration list for PBXProject "test" */;
			compatibilityVersion = "Xcode 8.0";
			developmentRegion = en;
			hasScannedForEncodings = 0;
			knownRegions = (
				en,
				Base,
			);
			mainGroup = 26C0CF0520457AFD007FBE3B;
			productRefGroup = 26C0CF0F20457AFD007FBE3B /* Products */;
			projectDirPath = "";
			projectRoot = "";
			targets = (
				26C0CF0D20457AFD007FBE3B /* test */,
			);
		};
/* End PBXProject section */

/* Begin PBXResourcesBuildPhase section */
		26C0CF0C20457AFD007FBE3B /* Resources */ = {
			isa = PBXResourcesBuildPhase;
			buildActionMask = 2147483647;
			files = (
				26C0CF1C20457AFD007FBE3B /* LaunchScreen.storyboard in Resources */,
				26C0CF1920457AFD007FBE3B /* Assets.xcassets in Resources */,
				26C0CF1720457AFD007FBE3B /* Main.storyboard in Resources */,
			);
			runOnlyForDeploymentPostprocessing = 0;
		};
/* End PBXResourcesBuildPhase section */

/* Begin PBXShellScriptBuildPhase section */
		0556FFFD586F5EB4198FF4DB /* [CP] Embed Pods Frameworks */ = {
			isa = PBXShellScriptBuildPhase;
			buildActionMask = 2147483647;
			files = (
			);
			inputPaths = (
				"${SRCROOT}/Pods/Target Support Files/Pods-test/Pods-test-frameworks.sh",
				"${BUILT_PRODUCTS_DIR}/Alamofire/Alamofire.framework",
			);
			name = "[CP] Embed Pods Frameworks";
			outputPaths = (
				"${TARGET_BUILD_DIR}/${FRAMEWORKS_FOLDER_PATH}/Alamofire.framework",
			);
			runOnlyForDeploymentPostprocessing = 0;
			shellPath = /bin/sh;
			shellScript = "\"${SRCROOT}/Pods/Target Support Files/Pods-test/Pods-test-frameworks.sh\"\n";
			showEnvVarsInLog = 0;
		};
		6443F5155436FA7438E5C003 /* [CP] Check Pods Manifest.lock */ = {
			isa = PBXShellScriptBuildPhase;
			buildActionMask = 2147483647;
			files = (
			);
			inputPaths = (
				"${PODS_PODFILE_DIR_PATH}/Podfile.lock",
				"${PODS_ROOT}/Manifest.lock",
			);
			name = "[CP] Check Pods Manifest.lock";
			outputPaths = (
				"$(DERIVED_FILE_DIR)/Pods-test-checkManifestLockResult.txt",
			);
			runOnlyForDeploymentPostprocessing = 0;
			shellPath = /bin/sh;
			shellScript = "diff \"${PODS_PODFILE_DIR_PATH}/Podfile.lock\" \"${PODS_ROOT}/Manifest.lock\" > /dev/null\nif [ $? != 0 ] ; then\n    # print error to STDERR\n    echo \"error: The sandbox is not in sync with the Podfile.lock. Run 'pod install' or update your CocoaPods installation.\" >&2\n    exit 1\nfi\n# This output is used by Xcode 'outputs' to avoid re-running this script phase.\necho \"SUCCESS\" > \"${SCRIPT_OUTPUT_FILE_0}\"\n";
			showEnvVarsInLog = 0;
		};
		B5A5BF33DD9F9582E8276EF7 /* [CP] Copy Pods Resources */ = {
			isa = PBXShellScriptBuildPhase;
			buildActionMask = 2147483647;
			files = (
			);
			inputPaths = (
			);
			name = "[CP] Copy Pods Resources";
			outputPaths = (
			);
			runOnlyForDeploymentPostprocessing = 0;
			shellPath = /bin/sh;
			shellScript = "\"${SRCROOT}/Pods/Target Support Files/Pods-test/Pods-test-resources.sh\"\n";
			showEnvVarsInLog = 0;
		};
/* End PBXShellScriptBuildPhase section */

/* Begin PBXSourcesBuildPhase section */
		26C0CF0A20457AFD007FBE3B /* Sources */ = {
			isa = PBXSourcesBuildPhase;
			buildActionMask = 2147483647;
			files = (
				26C0CF1420457AFD007FBE3B /* ViewController.swift in Sources */,
				26C0CF1220457AFD007FBE3B /* AppDelegate.swift in Sources */,
			);
			runOnlyForDeploymentPostprocessing = 0;
		};
/* End PBXSourcesBuildPhase section */

/* Begin PBXVariantGroup section */
		26C0CF1520457AFD007FBE3B /* Main.storyboard */ = {
			isa = PBXVariantGroup;
			children = (
				26C0CF1620457AFD007FBE3B /* Base */,
			);
			name = Main.storyboard;
			sourceTree = "<group>";
		};
		26C0CF1A20457AFD007FBE3B /* LaunchScreen.storyboard */ = {
			isa = PBXVariantGroup;
			children = (
				26C0CF1B20457AFD007FBE3B /* Base */,
			);
			name = LaunchScreen.storyboard;
			sourceTree = "<group>";
		};
/* End PBXVariantGroup section */

/* Begin XCBuildConfiguration section */
		26C0CF1E20457AFD007FBE3B /* Debug */ = {
			isa = XCBuildConfiguration;
			buildSettings = {
				ALWAYS_SEARCH_USER_PATHS = NO;
				CLANG_ANALYZER_NONNULL = YES;
				CLANG_ANALYZER_NUMBER_OBJECT_CONVERSION = YES_AGGRESSIVE;
				CLANG_CXX_LANGUAGE_STANDARD = "gnu++14";
				CLANG_CXX_LIBRARY = "libc++";
				CLANG_ENABLE_MODULES = YES;
				CLANG_ENABLE_OBJC_ARC = YES;
				CLANG_WARN_BLOCK_CAPTURE_AUTORELEASING = YES;
				CLANG_WARN_BOOL_CONVERSION = YES;
				CLANG_WARN_COMMA = YES;
				CLANG_WARN_CONSTANT_CONVERSION = YES;
				CLANG_WARN_DIRECT_OBJC_ISA_USAGE = YES_ERROR;
				CLANG_WARN_DOCUMENTATION_COMMENTS = YES;
				CLANG_WARN_EMPTY_BODY = YES;
				CLANG_WARN_ENUM_CONVERSION = YES;
				CLANG_WARN_INFINITE_RECURSION = YES;
				CLANG_WARN_INT_CONVERSION = YES;
				CLANG_WARN_NON_LITERAL_NULL_CONVERSION = YES;
				CLANG_WARN_OBJC_LITERAL_CONVERSION = YES;
				CLANG_WARN_OBJC_ROOT_CLASS = YES_ERROR;
				CLANG_WARN_RANGE_LOOP_ANALYSIS = YES;
				CLANG_WARN_STRICT_PROTOTYPES = YES;
				CLANG_WARN_SUSPICIOUS_MOVE = YES;
				CLANG_WARN_UNGUARDED_AVAILABILITY = YES_AGGRESSIVE;
				CLANG_WARN_UNREACHABLE_CODE = YES;
				CLANG_WARN__DUPLICATE_METHOD_MATCH = YES;
				CODE_SIGN_IDENTITY = "iPhone Developer";
				COPY_PHASE_STRIP = NO;
				DEBUG_INFORMATION_FORMAT = dwarf;
				ENABLE_STRICT_OBJC_MSGSEND = YES;
				ENABLE_TESTABILITY = YES;
				GCC_C_LANGUAGE_STANDARD = gnu11;
				GCC_DYNAMIC_NO_PIC = NO;
				GCC_NO_COMMON_BLOCKS = YES;
				GCC_OPTIMIZATION_LEVEL = 0;
				GCC_PREPROCESSOR_DEFINITIONS = (
					"DEBUG=1",
					"$(inherited)",
				);
				GCC_WARN_64_TO_32_BIT_CONVERSION = YES;
				GCC_WARN_ABOUT_RETURN_TYPE = YES_ERROR;
				GCC_WARN_UNDECLARED_SELECTOR = YES;
				GCC_WARN_UNINITIALIZED_AUTOS = YES_AGGRESSIVE;
				GCC_WARN_UNUSED_FUNCTION = YES;
				GCC_WARN_UNUSED_VARIABLE = YES;
				IPHONEOS_DEPLOYMENT_TARGET = 11.2;
				MTL_ENABLE_DEBUG_INFO = YES;
				ONLY_ACTIVE_ARCH = YES;
				SDKROOT = iphoneos;
				SWIFT_ACTIVE_COMPILATION_CONDITIONS = DEBUG;
				SWIFT_OPTIMIZATION_LEVEL = "-Onone";
			};
			name = Debug;
		};
		26C0CF1F20457AFD007FBE3B /* Release */ = {
			isa = XCBuildConfiguration;
			buildSettings = {
				ALWAYS_SEARCH_USER_PATHS = NO;
				CLANG_ANALYZER_NONNULL = YES;
				CLANG_ANALYZER_NUMBER_OBJECT_CONVERSION = YES_AGGRESSIVE;
				CLANG_CXX_LANGUAGE_STANDARD = "gnu++14";
				CLANG_CXX_LIBRARY = "libc++";
				CLANG_ENABLE_MODULES = YES;
				CLANG_ENABLE_OBJC_ARC = YES;
				CLANG_WARN_BLOCK_CAPTURE_AUTORELEASING = YES;
				CLANG_WARN_BOOL_CONVERSION = YES;
				CLANG_WARN_COMMA = YES;
				CLANG_WARN_CONSTANT_CONVERSION = YES;
				CLANG_WARN_DIRECT_OBJC_ISA_USAGE = YES_ERROR;
				CLANG_WARN_DOCUMENTATION_COMMENTS = YES;
				CLANG_WARN_EMPTY_BODY = YES;
				CLANG_WARN_ENUM_CONVERSION = YES;
				CLANG_WARN_INFINITE_RECURSION = YES;
				CLANG_WARN_INT_CONVERSION = YES;
				CLANG_WARN_NON_LITERAL_NULL_CONVERSION = YES;
				CLANG_WARN_OBJC_LITERAL_CONVERSION = YES;
				CLANG_WARN_OBJC_ROOT_CLASS = YES_ERROR;
				CLANG_WARN_RANGE_LOOP_ANALYSIS = YES;
				CLANG_WARN_STRICT_PROTOTYPES = YES;
				CLANG_WARN_SUSPICIOUS_MOVE = YES;
				CLANG_WARN_UNGUARDED_AVAILABILITY = YES_AGGRESSIVE;
				CLANG_WARN_UNREACHABLE_CODE = YES;
				CLANG_WARN__DUPLICATE_METHOD_MATCH = YES;
				CODE_SIGN_IDENTITY = "iPhone Developer";
				COPY_PHASE_STRIP = NO;
				DEBUG_INFORMATION_FORMAT = "dwarf-with-dsym";
				ENABLE_NS_ASSERTIONS = NO;
				ENABLE_STRICT_OBJC_MSGSEND = YES;
				GCC_C_LANGUAGE_STANDARD = gnu11;
				GCC_NO_COMMON_BLOCKS = YES;
				GCC_WARN_64_TO_32_BIT_CONVERSION = YES;
				GCC_WARN_ABOUT_RETURN_TYPE = YES_ERROR;
				GCC_WARN_UNDECLARED_SELECTOR = YES;
				GCC_WARN_UNINITIALIZED_AUTOS = YES_AGGRESSIVE;
				GCC_WARN_UNUSED_FUNCTION = YES;
				GCC_WARN_UNUSED_VARIABLE = YES;
				IPHONEOS_DEPLOYMENT_TARGET = 11.2;
				MTL_ENABLE_DEBUG_INFO = NO;
				SDKROOT = iphoneos;
				SWIFT_OPTIMIZATION_LEVEL = "-Owholemodule";
				VALIDATE_PRODUCT = YES;
			};
			name = Release;
		};
		26C0CF2120457AFD007FBE3B /* Debug */ = {
			isa = XCBuildConfiguration;
			baseConfigurationReference = 85ECD975A231068A21918879 /* Pods-test.debug.xcconfig */;
			buildSettings = {
				ASSETCATALOG_COMPILER_APPICON_NAME = AppIcon;
				CODE_SIGN_STYLE = Automatic;
				DEVELOPMENT_TEAM = FX8TQFGS6B;
				FRAMEWORK_SEARCH_PATHS = "$(inherited)";
				INFOPLIST_FILE = test/Info.plist;
				LD_RUNPATH_SEARCH_PATHS = "$(inherited) @executable_path/Frameworks";
				PRODUCT_BUNDLE_IDENTIFIER = com.tina.test;
				PRODUCT_NAME = "$(TARGET_NAME)";
				SWIFT_VERSION = 4.0;
				TARGETED_DEVICE_FAMILY = "1,2";
			};
			name = Debug;
		};
		26C0CF2220457AFD007FBE3B /* Release */ = {
			isa = XCBuildConfiguration;
			baseConfigurationReference = A55B4929AC739DE837613499 /* Pods-test.release.xcconfig */;
			buildSettings = {
				ASSETCATALOG_COMPILER_APPICON_NAME = AppIcon;
				CODE_SIGN_STYLE = Automatic;
				DEVELOPMENT_TEAM = FX8TQFGS6B;
				INFOPLIST_FILE = test/Info.plist;
				LD_RUNPATH_SEARCH_PATHS = "$(inherited) @executable_path/Frameworks";
				PRODUCT_BUNDLE_IDENTIFIER = com.tina.test;
				PRODUCT_NAME = "$(TARGET_NAME)";
				SWIFT_VERSION = 4.0;
				TARGETED_DEVICE_FAMILY = "1,2";
			};
			name = Release;
		};
/* End XCBuildConfiguration section */

/* Begin XCConfigurationList section */
		26C0CF0920457AFD007FBE3B /* Build configuration list for PBXProject "test" */ = {
			isa = XCConfigurationList;
			buildConfigurations = (
				26C0CF1E20457AFD007FBE3B /* Debug */,
				26C0CF1F20457AFD007FBE3B /* Release */,
			);
			defaultConfigurationIsVisible = 0;
			defaultConfigurationName = Release;
		};
		26C0CF2020457AFD007FBE3B /* Build configuration list for PBXNativeTarget "test" */ = {
			isa = XCConfigurationList;
			buildConfigurations = (
				26C0CF2120457AFD007FBE3B /* Debug */,
				26C0CF2220457AFD007FBE3B /* Release */,
			);
			defaultConfigurationIsVisible = 0;
			defaultConfigurationName = Release;
		};
/* End XCConfigurationList section */
	};
	rootObject = 26C0CF0620457AFD007FBE3B /* Project object */;
}
